// !$*UTF8*$!
{
	archiveVersion = 1;
	classes = {
	};
	objectVersion = 56;
	objects = {

/* Begin PBXBuildFile section */
		69175A4C2DB191AD0087C8E5 /* TVMazeLucasHubertApp.swift in Sources */ = {isa = PBXBuildFile; fileRef = 69175A4B2DB191AD0087C8E5 /* TVMazeLucasHubertApp.swift */; };
		69175A4E2DB191AD0087C8E5 /* ContentView.swift in Sources */ = {isa = PBXBuildFile; fileRef = 69175A4D2DB191AD0087C8E5 /* ContentView.swift */; };
		69175A502DB191AD0087C8E5 /* Item.swift in Sources */ = {isa = PBXBuildFile; fileRef = 69175A4F2DB191AD0087C8E5 /* Item.swift */; };
		69175A522DB191AF0087C8E5 /* Assets.xcassets in Resources */ = {isa = PBXBuildFile; fileRef = 69175A512DB191AF0087C8E5 /* Assets.xcassets */; };
		69175A552DB191AF0087C8E5 /* Preview Assets.xcassets in Resources */ = {isa = PBXBuildFile; fileRef = 69175A542DB191AF0087C8E5 /* Preview Assets.xcassets */; };
		69175A5F2DB191AF0087C8E5 /* TVMazeLucasHubertTests.swift in Sources */ = {isa = PBXBuildFile; fileRef = 69175A5E2DB191AF0087C8E5 /* TVMazeLucasHubertTests.swift */; };
		69175A692DB191AF0087C8E5 /* TVMazeLucasHubertUITests.swift in Sources */ = {isa = PBXBuildFile; fileRef = 69175A682DB191AF0087C8E5 /* TVMazeLucasHubertUITests.swift */; };
		69175A6B2DB191AF0087C8E5 /* TVMazeLucasHubertUITestsLaunchTests.swift in Sources */ = {isa = PBXBuildFile; fileRef = 69175A6A2DB191AF0087C8E5 /* TVMazeLucasHubertUITestsLaunchTests.swift */; };
		69175A7D2DB19D950087C8E5 /* Domain.Show.Model.Show.swift in Sources */ = {isa = PBXBuildFile; fileRef = 69175A7C2DB19D950087C8E5 /* Domain.Show.Model.Show.swift */; };
		69175A7F2DB19DA40087C8E5 /* Domain.swift in Sources */ = {isa = PBXBuildFile; fileRef = 69175A7E2DB19DA40087C8E5 /* Domain.swift */; };
		69175A812DB19F390087C8E5 /* DataSource.swift in Sources */ = {isa = PBXBuildFile; fileRef = 69175A802DB19F390087C8E5 /* DataSource.swift */; };
		69175A832DB19F800087C8E5 /* DataSource.Show.APIRouter.swift in Sources */ = {isa = PBXBuildFile; fileRef = 69175A822DB19F800087C8E5 /* DataSource.Show.APIRouter.swift */; };
		69175A862DB19F9E0087C8E5 /* DataSource.Show.Repository.swift in Sources */ = {isa = PBXBuildFile; fileRef = 69175A852DB19F9E0087C8E5 /* DataSource.Show.Repository.swift */; };
		69175A882DB19FB60087C8E5 /* Domain.Show.Protocol.Repository.swift in Sources */ = {isa = PBXBuildFile; fileRef = 69175A872DB19FB60087C8E5 /* Domain.Show.Protocol.Repository.swift */; };
		69175A8C2DB1A0B50087C8E5 /* DataSource.Protocol.APIRouter.swift in Sources */ = {isa = PBXBuildFile; fileRef = 69175A8B2DB1A0B50087C8E5 /* DataSource.Protocol.APIRouter.swift */; };
		69175A8E2DB1A1070087C8E5 /* DataSource.Dispatcher.swift in Sources */ = {isa = PBXBuildFile; fileRef = 69175A8D2DB1A1070087C8E5 /* DataSource.Dispatcher.swift */; };
		69175A912DB1A2080087C8E5 /* Debug.xcconfig in Resources */ = {isa = PBXBuildFile; fileRef = 69175A902DB1A2080087C8E5 /* Debug.xcconfig */; };
		69175A932DB1A2AC0087C8E5 /* DataSource.Environment.swift in Sources */ = {isa = PBXBuildFile; fileRef = 69175A922DB1A2AC0087C8E5 /* DataSource.Environment.swift */; };
		69175A962DB1EF260087C8E5 /* Domain.Show.UseCase.GetShows.swift in Sources */ = {isa = PBXBuildFile; fileRef = 69175A952DB1EF260087C8E5 /* Domain.Show.UseCase.GetShows.swift */; };
		69175A9A2DB1EF4E0087C8E5 /* Domain.Show.UseCase.GetShowByName.swift in Sources */ = {isa = PBXBuildFile; fileRef = 69175A992DB1EF4E0087C8E5 /* Domain.Show.UseCase.GetShowByName.swift */; };
		69175A9C2DB1F0880087C8E5 /* Presenter.swift in Sources */ = {isa = PBXBuildFile; fileRef = 69175A9B2DB1F0880087C8E5 /* Presenter.swift */; };
		69175AA12DB1F1400087C8E5 /* Presenter.TabBar.Screen.swift in Sources */ = {isa = PBXBuildFile; fileRef = 69175AA02DB1F1400087C8E5 /* Presenter.TabBar.Screen.swift */; };
		69175AA42DB1F4700087C8E5 /* Preview.extension.swift in Sources */ = {isa = PBXBuildFile; fileRef = 69175AA32DB1F4700087C8E5 /* Preview.extension.swift */; };
		69175AA92DB1F52B0087C8E5 /* Presenter.Show.Screens.ListShows.Screen.swift in Sources */ = {isa = PBXBuildFile; fileRef = 69175AA82DB1F52B0087C8E5 /* Presenter.Show.Screens.ListShows.Screen.swift */; };
		69175AAB2DB1F5480087C8E5 /* Presenter.Show.Screens.ListShows.ViewModel.swift in Sources */ = {isa = PBXBuildFile; fileRef = 69175AAA2DB1F5480087C8E5 /* Presenter.Show.Screens.ListShows.ViewModel.swift */; };
		69175AAE2DB205490087C8E5 /* Presenter.Show.Screens.ListShows.DI.swift in Sources */ = {isa = PBXBuildFile; fileRef = 69175AAD2DB205490087C8E5 /* Presenter.Show.Screens.ListShows.DI.swift */; };
		69175AB12DB20FB20087C8E5 /* DataSource.DispatcherMock.swift in Sources */ = {isa = PBXBuildFile; fileRef = 69175AB02DB20FB20087C8E5 /* DataSource.DispatcherMock.swift */; };
		69175AB32DB2100E0087C8E5 /* shows_page_1.json in Resources */ = {isa = PBXBuildFile; fileRef = 69175AB22DB2100E0087C8E5 /* shows_page_1.json */; };
		695E27832DB2B0840082DFDA /* Domain.Favorites.Model.Favorite.swift in Sources */ = {isa = PBXBuildFile; fileRef = 695E27822DB2B0840082DFDA /* Domain.Favorites.Model.Favorite.swift */; };
		695E27872DB2B3450082DFDA /* Presenter.Show.Screen.Favorites.ViewModel.swift in Sources */ = {isa = PBXBuildFile; fileRef = 695E27862DB2B3450082DFDA /* Presenter.Show.Screen.Favorites.ViewModel.swift */; };
		695E27892DB2D5520082DFDA /* Presenter.Show.Screen.Favorites.Screen.swift in Sources */ = {isa = PBXBuildFile; fileRef = 695E27882DB2D5520082DFDA /* Presenter.Show.Screen.Favorites.Screen.swift */; };
		695E278C2DB2E7280082DFDA /* Presenter.Show.Screens.ListShows.Components.ImageShow.swift in Sources */ = {isa = PBXBuildFile; fileRef = 695E278B2DB2E7280082DFDA /* Presenter.Show.Screens.ListShows.Components.ImageShow.swift */; };
		695E278E2DB2EC740082DFDA /* Presenter.Show.Screens.ListShows.Components.ShowDetails.swift in Sources */ = {isa = PBXBuildFile; fileRef = 695E278D2DB2EC740082DFDA /* Presenter.Show.Screens.ListShows.Components.ShowDetails.swift */; };
		695E27902DB2EC9F0082DFDA /* Presenter.Show.Screens.ListShows.Components.FavoriteAndRating.swift in Sources */ = {isa = PBXBuildFile; fileRef = 695E278F2DB2EC9F0082DFDA /* Presenter.Show.Screens.ListShows.Components.FavoriteAndRating.swift */; };
		695E27922DB2ED450082DFDA /* Presenter.Show.Screens.ListShows.Components.Genres.swift in Sources */ = {isa = PBXBuildFile; fileRef = 695E27912DB2ED450082DFDA /* Presenter.Show.Screens.ListShows.Components.Genres.swift */; };
		695E27952DB2FE050082DFDA /* Presenter.Show.Screens.ShowDetail.Screen.swift in Sources */ = {isa = PBXBuildFile; fileRef = 695E27942DB2FE050082DFDA /* Presenter.Show.Screens.ShowDetail.Screen.swift */; };
		695E27972DB301230082DFDA /* Presenter.Show.Screens.ShowDetail.ViewModel.swift in Sources */ = {isa = PBXBuildFile; fileRef = 695E27962DB301230082DFDA /* Presenter.Show.Screens.ShowDetail.ViewModel.swift */; };
		695E27992DB302980082DFDA /* Presenter.Show.Screens.ShowDetail.DI.swift in Sources */ = {isa = PBXBuildFile; fileRef = 695E27982DB302980082DFDA /* Presenter.Show.Screens.ShowDetail.DI.swift */; };
		695E279B2DB302E60082DFDA /* Domain.Show.UseCase.GetEpisodes.swift in Sources */ = {isa = PBXBuildFile; fileRef = 695E279A2DB302E60082DFDA /* Domain.Show.UseCase.GetEpisodes.swift */; };
		695E279D2DB303220082DFDA /* Domain.Show.Model.Episode.swift in Sources */ = {isa = PBXBuildFile; fileRef = 695E279C2DB303220082DFDA /* Domain.Show.Model.Episode.swift */; };
		695E279F2DB304570082DFDA /* episodes.json in Resources */ = {isa = PBXBuildFile; fileRef = 695E279E2DB304570082DFDA /* episodes.json */; };
		695E27A12DB305C90082DFDA /* cast.json in Resources */ = {isa = PBXBuildFile; fileRef = 695E27A02DB305C90082DFDA /* cast.json */; };
		695E27A32DB305EC0082DFDA /* Domain.Show.Model.Cast.swift in Sources */ = {isa = PBXBuildFile; fileRef = 695E27A22DB305EC0082DFDA /* Domain.Show.Model.Cast.swift */; };
		695E27A52DB312EF0082DFDA /* Domain.Show.UseCase.GetCast.swift in Sources */ = {isa = PBXBuildFile; fileRef = 695E27A42DB312EF0082DFDA /* Domain.Show.UseCase.GetCast.swift */; };
/* End PBXBuildFile section */

/* Begin PBXContainerItemProxy section */
		69175A5B2DB191AF0087C8E5 /* PBXContainerItemProxy */ = {
			isa = PBXContainerItemProxy;
			containerPortal = 69175A402DB191AD0087C8E5 /* Project object */;
			proxyType = 1;
			remoteGlobalIDString = 69175A472DB191AD0087C8E5;
			remoteInfo = TVMazeLucasHubert;
		};
		69175A652DB191AF0087C8E5 /* PBXContainerItemProxy */ = {
			isa = PBXContainerItemProxy;
			containerPortal = 69175A402DB191AD0087C8E5 /* Project object */;
			proxyType = 1;
			remoteGlobalIDString = 69175A472DB191AD0087C8E5;
			remoteInfo = TVMazeLucasHubert;
		};
/* End PBXContainerItemProxy section */

/* Begin PBXFileReference section */
		69175A482DB191AD0087C8E5 /* TVMazeLucasHubert.app */ = {isa = PBXFileReference; explicitFileType = wrapper.application; includeInIndex = 0; path = TVMazeLucasHubert.app; sourceTree = BUILT_PRODUCTS_DIR; };
		69175A4B2DB191AD0087C8E5 /* TVMazeLucasHubertApp.swift */ = {isa = PBXFileReference; lastKnownFileType = sourcecode.swift; path = TVMazeLucasHubertApp.swift; sourceTree = "<group>"; };
		69175A4D2DB191AD0087C8E5 /* ContentView.swift */ = {isa = PBXFileReference; lastKnownFileType = sourcecode.swift; path = ContentView.swift; sourceTree = "<group>"; };
		69175A4F2DB191AD0087C8E5 /* Item.swift */ = {isa = PBXFileReference; lastKnownFileType = sourcecode.swift; path = Item.swift; sourceTree = "<group>"; };
		69175A512DB191AF0087C8E5 /* Assets.xcassets */ = {isa = PBXFileReference; lastKnownFileType = folder.assetcatalog; path = Assets.xcassets; sourceTree = "<group>"; };
		69175A542DB191AF0087C8E5 /* Preview Assets.xcassets */ = {isa = PBXFileReference; lastKnownFileType = folder.assetcatalog; path = "Preview Assets.xcassets"; sourceTree = "<group>"; };
		69175A5A2DB191AF0087C8E5 /* TVMazeLucasHubertTests.xctest */ = {isa = PBXFileReference; explicitFileType = wrapper.cfbundle; includeInIndex = 0; path = TVMazeLucasHubertTests.xctest; sourceTree = BUILT_PRODUCTS_DIR; };
		69175A5E2DB191AF0087C8E5 /* TVMazeLucasHubertTests.swift */ = {isa = PBXFileReference; lastKnownFileType = sourcecode.swift; path = TVMazeLucasHubertTests.swift; sourceTree = "<group>"; };
		69175A642DB191AF0087C8E5 /* TVMazeLucasHubertUITests.xctest */ = {isa = PBXFileReference; explicitFileType = wrapper.cfbundle; includeInIndex = 0; path = TVMazeLucasHubertUITests.xctest; sourceTree = BUILT_PRODUCTS_DIR; };
		69175A682DB191AF0087C8E5 /* TVMazeLucasHubertUITests.swift */ = {isa = PBXFileReference; lastKnownFileType = sourcecode.swift; path = TVMazeLucasHubertUITests.swift; sourceTree = "<group>"; };
		69175A6A2DB191AF0087C8E5 /* TVMazeLucasHubertUITestsLaunchTests.swift */ = {isa = PBXFileReference; lastKnownFileType = sourcecode.swift; path = TVMazeLucasHubertUITestsLaunchTests.swift; sourceTree = "<group>"; };
		69175A7C2DB19D950087C8E5 /* Domain.Show.Model.Show.swift */ = {isa = PBXFileReference; lastKnownFileType = sourcecode.swift; path = Domain.Show.Model.Show.swift; sourceTree = "<group>"; };
		69175A7E2DB19DA40087C8E5 /* Domain.swift */ = {isa = PBXFileReference; lastKnownFileType = sourcecode.swift; path = Domain.swift; sourceTree = "<group>"; };
		69175A802DB19F390087C8E5 /* DataSource.swift */ = {isa = PBXFileReference; lastKnownFileType = sourcecode.swift; path = DataSource.swift; sourceTree = "<group>"; };
		69175A822DB19F800087C8E5 /* DataSource.Show.APIRouter.swift */ = {isa = PBXFileReference; lastKnownFileType = sourcecode.swift; path = DataSource.Show.APIRouter.swift; sourceTree = "<group>"; };
		69175A852DB19F9E0087C8E5 /* DataSource.Show.Repository.swift */ = {isa = PBXFileReference; lastKnownFileType = sourcecode.swift; path = DataSource.Show.Repository.swift; sourceTree = "<group>"; };
		69175A872DB19FB60087C8E5 /* Domain.Show.Protocol.Repository.swift */ = {isa = PBXFileReference; lastKnownFileType = sourcecode.swift; path = Domain.Show.Protocol.Repository.swift; sourceTree = "<group>"; };
		69175A8B2DB1A0B50087C8E5 /* DataSource.Protocol.APIRouter.swift */ = {isa = PBXFileReference; lastKnownFileType = sourcecode.swift; path = DataSource.Protocol.APIRouter.swift; sourceTree = "<group>"; };
		69175A8D2DB1A1070087C8E5 /* DataSource.Dispatcher.swift */ = {isa = PBXFileReference; lastKnownFileType = sourcecode.swift; path = DataSource.Dispatcher.swift; sourceTree = "<group>"; };
		69175A902DB1A2080087C8E5 /* Debug.xcconfig */ = {isa = PBXFileReference; lastKnownFileType = text.xcconfig; path = Debug.xcconfig; sourceTree = "<group>"; };
		69175A922DB1A2AC0087C8E5 /* DataSource.Environment.swift */ = {isa = PBXFileReference; lastKnownFileType = sourcecode.swift; path = DataSource.Environment.swift; sourceTree = "<group>"; };
		69175A942DB1A2F00087C8E5 /* Info.plist */ = {isa = PBXFileReference; lastKnownFileType = text.plist; path = Info.plist; sourceTree = "<group>"; };
		69175A952DB1EF260087C8E5 /* Domain.Show.UseCase.GetShows.swift */ = {isa = PBXFileReference; lastKnownFileType = sourcecode.swift; path = Domain.Show.UseCase.GetShows.swift; sourceTree = "<group>"; };
		69175A992DB1EF4E0087C8E5 /* Domain.Show.UseCase.GetShowByName.swift */ = {isa = PBXFileReference; lastKnownFileType = sourcecode.swift; path = Domain.Show.UseCase.GetShowByName.swift; sourceTree = "<group>"; };
		69175A9B2DB1F0880087C8E5 /* Presenter.swift */ = {isa = PBXFileReference; lastKnownFileType = sourcecode.swift; path = Presenter.swift; sourceTree = "<group>"; };
		69175AA02DB1F1400087C8E5 /* Presenter.TabBar.Screen.swift */ = {isa = PBXFileReference; lastKnownFileType = sourcecode.swift; path = Presenter.TabBar.Screen.swift; sourceTree = "<group>"; };
		69175AA32DB1F4700087C8E5 /* Preview.extension.swift */ = {isa = PBXFileReference; lastKnownFileType = sourcecode.swift; path = Preview.extension.swift; sourceTree = "<group>"; };
		69175AA82DB1F52B0087C8E5 /* Presenter.Show.Screens.ListShows.Screen.swift */ = {isa = PBXFileReference; lastKnownFileType = sourcecode.swift; path = Presenter.Show.Screens.ListShows.Screen.swift; sourceTree = "<group>"; };
		69175AAA2DB1F5480087C8E5 /* Presenter.Show.Screens.ListShows.ViewModel.swift */ = {isa = PBXFileReference; lastKnownFileType = sourcecode.swift; path = Presenter.Show.Screens.ListShows.ViewModel.swift; sourceTree = "<group>"; };
		69175AAD2DB205490087C8E5 /* Presenter.Show.Screens.ListShows.DI.swift */ = {isa = PBXFileReference; lastKnownFileType = sourcecode.swift; path = Presenter.Show.Screens.ListShows.DI.swift; sourceTree = "<group>"; };
		69175AB02DB20FB20087C8E5 /* DataSource.DispatcherMock.swift */ = {isa = PBXFileReference; lastKnownFileType = sourcecode.swift; path = DataSource.DispatcherMock.swift; sourceTree = "<group>"; };
		69175AB22DB2100E0087C8E5 /* shows_page_1.json */ = {isa = PBXFileReference; lastKnownFileType = text.json; path = shows_page_1.json; sourceTree = "<group>"; };
		695E27822DB2B0840082DFDA /* Domain.Favorites.Model.Favorite.swift */ = {isa = PBXFileReference; lastKnownFileType = sourcecode.swift; path = Domain.Favorites.Model.Favorite.swift; sourceTree = "<group>"; };
		695E27862DB2B3450082DFDA /* Presenter.Show.Screen.Favorites.ViewModel.swift */ = {isa = PBXFileReference; lastKnownFileType = sourcecode.swift; path = Presenter.Show.Screen.Favorites.ViewModel.swift; sourceTree = "<group>"; };
		695E27882DB2D5520082DFDA /* Presenter.Show.Screen.Favorites.Screen.swift */ = {isa = PBXFileReference; lastKnownFileType = sourcecode.swift; path = Presenter.Show.Screen.Favorites.Screen.swift; sourceTree = "<group>"; };
		695E278B2DB2E7280082DFDA /* Presenter.Show.Screens.ListShows.Components.ImageShow.swift */ = {isa = PBXFileReference; lastKnownFileType = sourcecode.swift; path = Presenter.Show.Screens.ListShows.Components.ImageShow.swift; sourceTree = "<group>"; };
		695E278D2DB2EC740082DFDA /* Presenter.Show.Screens.ListShows.Components.ShowDetails.swift */ = {isa = PBXFileReference; lastKnownFileType = sourcecode.swift; path = Presenter.Show.Screens.ListShows.Components.ShowDetails.swift; sourceTree = "<group>"; };
		695E278F2DB2EC9F0082DFDA /* Presenter.Show.Screens.ListShows.Components.FavoriteAndRating.swift */ = {isa = PBXFileReference; lastKnownFileType = sourcecode.swift; path = Presenter.Show.Screens.ListShows.Components.FavoriteAndRating.swift; sourceTree = "<group>"; };
		695E27912DB2ED450082DFDA /* Presenter.Show.Screens.ListShows.Components.Genres.swift */ = {isa = PBXFileReference; lastKnownFileType = sourcecode.swift; path = Presenter.Show.Screens.ListShows.Components.Genres.swift; sourceTree = "<group>"; };
		695E27942DB2FE050082DFDA /* Presenter.Show.Screens.ShowDetail.Screen.swift */ = {isa = PBXFileReference; lastKnownFileType = sourcecode.swift; path = Presenter.Show.Screens.ShowDetail.Screen.swift; sourceTree = "<group>"; };
		695E27962DB301230082DFDA /* Presenter.Show.Screens.ShowDetail.ViewModel.swift */ = {isa = PBXFileReference; lastKnownFileType = sourcecode.swift; path = Presenter.Show.Screens.ShowDetail.ViewModel.swift; sourceTree = "<group>"; };
		695E27982DB302980082DFDA /* Presenter.Show.Screens.ShowDetail.DI.swift */ = {isa = PBXFileReference; lastKnownFileType = sourcecode.swift; path = Presenter.Show.Screens.ShowDetail.DI.swift; sourceTree = "<group>"; };
		695E279A2DB302E60082DFDA /* Domain.Show.UseCase.GetEpisodes.swift */ = {isa = PBXFileReference; lastKnownFileType = sourcecode.swift; path = Domain.Show.UseCase.GetEpisodes.swift; sourceTree = "<group>"; };
		695E279C2DB303220082DFDA /* Domain.Show.Model.Episode.swift */ = {isa = PBXFileReference; lastKnownFileType = sourcecode.swift; path = Domain.Show.Model.Episode.swift; sourceTree = "<group>"; };
		695E279E2DB304570082DFDA /* episodes.json */ = {isa = PBXFileReference; lastKnownFileType = text.json; path = episodes.json; sourceTree = "<group>"; };
		695E27A02DB305C90082DFDA /* cast.json */ = {isa = PBXFileReference; lastKnownFileType = text.json; path = cast.json; sourceTree = "<group>"; };
		695E27A22DB305EC0082DFDA /* Domain.Show.Model.Cast.swift */ = {isa = PBXFileReference; lastKnownFileType = sourcecode.swift; path = Domain.Show.Model.Cast.swift; sourceTree = "<group>"; };
		695E27A42DB312EF0082DFDA /* Domain.Show.UseCase.GetCast.swift */ = {isa = PBXFileReference; lastKnownFileType = sourcecode.swift; path = Domain.Show.UseCase.GetCast.swift; sourceTree = "<group>"; };
/* End PBXFileReference section */

/* Begin PBXFrameworksBuildPhase section */
		69175A452DB191AD0087C8E5 /* Frameworks */ = {
			isa = PBXFrameworksBuildPhase;
			buildActionMask = 2147483647;
			files = (
			);
			runOnlyForDeploymentPostprocessing = 0;
		};
		69175A572DB191AF0087C8E5 /* Frameworks */ = {
			isa = PBXFrameworksBuildPhase;
			buildActionMask = 2147483647;
			files = (
			);
			runOnlyForDeploymentPostprocessing = 0;
		};
		69175A612DB191AF0087C8E5 /* Frameworks */ = {
			isa = PBXFrameworksBuildPhase;
			buildActionMask = 2147483647;
			files = (
			);
			runOnlyForDeploymentPostprocessing = 0;
		};
/* End PBXFrameworksBuildPhase section */

/* Begin PBXGroup section */
		69175A3F2DB191AD0087C8E5 = {
			isa = PBXGroup;
			children = (
				69175A4A2DB191AD0087C8E5 /* TVMazeLucasHubert */,
				69175A5D2DB191AF0087C8E5 /* TVMazeLucasHubertTests */,
				69175A672DB191AF0087C8E5 /* TVMazeLucasHubertUITests */,
				69175A492DB191AD0087C8E5 /* Products */,
			);
			sourceTree = "<group>";
		};
		69175A492DB191AD0087C8E5 /* Products */ = {
			isa = PBXGroup;
			children = (
				69175A482DB191AD0087C8E5 /* TVMazeLucasHubert.app */,
				69175A5A2DB191AF0087C8E5 /* TVMazeLucasHubertTests.xctest */,
				69175A642DB191AF0087C8E5 /* TVMazeLucasHubertUITests.xctest */,
			);
			name = Products;
			sourceTree = "<group>";
		};
		69175A4A2DB191AD0087C8E5 /* TVMazeLucasHubert */ = {
			isa = PBXGroup;
			children = (
				69175AA22DB1F4560087C8E5 /* Tools */,
				69175A942DB1A2F00087C8E5 /* Info.plist */,
				69175A8F2DB1A1F20087C8E5 /* Configurations */,
				69175A792DB198AA0087C8E5 /* Presenter */,
				69175A782DB198A40087C8E5 /* Domain */,
				69175A772DB198990087C8E5 /* DataSource */,
				69175A4B2DB191AD0087C8E5 /* TVMazeLucasHubertApp.swift */,
				69175A4D2DB191AD0087C8E5 /* ContentView.swift */,
				69175A4F2DB191AD0087C8E5 /* Item.swift */,
				69175A512DB191AF0087C8E5 /* Assets.xcassets */,
				69175A532DB191AF0087C8E5 /* Preview Content */,
			);
			path = TVMazeLucasHubert;
			sourceTree = "<group>";
		};
		69175A532DB191AF0087C8E5 /* Preview Content */ = {
			isa = PBXGroup;
			children = (
				69175A542DB191AF0087C8E5 /* Preview Assets.xcassets */,
			);
			path = "Preview Content";
			sourceTree = "<group>";
		};
		69175A5D2DB191AF0087C8E5 /* TVMazeLucasHubertTests */ = {
			isa = PBXGroup;
			children = (
				69175A5E2DB191AF0087C8E5 /* TVMazeLucasHubertTests.swift */,
			);
			path = TVMazeLucasHubertTests;
			sourceTree = "<group>";
		};
		69175A672DB191AF0087C8E5 /* TVMazeLucasHubertUITests */ = {
			isa = PBXGroup;
			children = (
				69175A682DB191AF0087C8E5 /* TVMazeLucasHubertUITests.swift */,
				69175A6A2DB191AF0087C8E5 /* TVMazeLucasHubertUITestsLaunchTests.swift */,
			);
			path = TVMazeLucasHubertUITests;
			sourceTree = "<group>";
		};
		69175A772DB198990087C8E5 /* DataSource */ = {
			isa = PBXGroup;
			children = (
				69175AAF2DB20F8D0087C8E5 /* Mock */,
				69175A8A2DB1A09E0087C8E5 /* Commom */,
				69175A802DB19F390087C8E5 /* DataSource.swift */,
				69175A842DB19F850087C8E5 /* Show */,
				69175A8D2DB1A1070087C8E5 /* DataSource.Dispatcher.swift */,
			);
			path = DataSource;
			sourceTree = "<group>";
		};
		69175A782DB198A40087C8E5 /* Domain */ = {
			isa = PBXGroup;
			children = (
				695E27842DB2B08B0082DFDA /* Favorite */,
				69175A7A2DB19D370087C8E5 /* Show */,
				69175A7E2DB19DA40087C8E5 /* Domain.swift */,
			);
			path = Domain;
			sourceTree = "<group>";
		};
		69175A792DB198AA0087C8E5 /* Presenter */ = {
			isa = PBXGroup;
			children = (
				69175A9B2DB1F0880087C8E5 /* Presenter.swift */,
				69175AA52DB1F4CE0087C8E5 /* Show */,
			);
			path = Presenter;
			sourceTree = "<group>";
		};
		69175A7A2DB19D370087C8E5 /* Show */ = {
			isa = PBXGroup;
			children = (
				69175A7B2DB19D430087C8E5 /* Models */,
				69175A892DB19FBA0087C8E5 /* Protocols */,
				69175A982DB1EF390087C8E5 /* UseCases */,
			);
			path = Show;
			sourceTree = "<group>";
		};
		69175A7B2DB19D430087C8E5 /* Models */ = {
			isa = PBXGroup;
			children = (
				69175A7C2DB19D950087C8E5 /* Domain.Show.Model.Show.swift */,
				695E27A22DB305EC0082DFDA /* Domain.Show.Model.Cast.swift */,
				695E279C2DB303220082DFDA /* Domain.Show.Model.Episode.swift */,
			);
			path = Models;
			sourceTree = "<group>";
		};
		69175A842DB19F850087C8E5 /* Show */ = {
			isa = PBXGroup;
			children = (
				69175A822DB19F800087C8E5 /* DataSource.Show.APIRouter.swift */,
				69175A852DB19F9E0087C8E5 /* DataSource.Show.Repository.swift */,
			);
			path = Show;
			sourceTree = "<group>";
		};
		69175A892DB19FBA0087C8E5 /* Protocols */ = {
			isa = PBXGroup;
			children = (
				69175A872DB19FB60087C8E5 /* Domain.Show.Protocol.Repository.swift */,
			);
			path = Protocols;
			sourceTree = "<group>";
		};
		69175A8A2DB1A09E0087C8E5 /* Commom */ = {
			isa = PBXGroup;
			children = (
				69175A8B2DB1A0B50087C8E5 /* DataSource.Protocol.APIRouter.swift */,
				69175A922DB1A2AC0087C8E5 /* DataSource.Environment.swift */,
			);
			path = Commom;
			sourceTree = "<group>";
		};
		69175A8F2DB1A1F20087C8E5 /* Configurations */ = {
			isa = PBXGroup;
			children = (
				69175A902DB1A2080087C8E5 /* Debug.xcconfig */,
			);
			path = Configurations;
			sourceTree = "<group>";
		};
		69175A982DB1EF390087C8E5 /* UseCases */ = {
			isa = PBXGroup;
			children = (
				69175A952DB1EF260087C8E5 /* Domain.Show.UseCase.GetShows.swift */,
				69175A992DB1EF4E0087C8E5 /* Domain.Show.UseCase.GetShowByName.swift */,
				695E279A2DB302E60082DFDA /* Domain.Show.UseCase.GetEpisodes.swift */,
				695E27A42DB312EF0082DFDA /* Domain.Show.UseCase.GetCast.swift */,
			);
			path = UseCases;
			sourceTree = "<group>";
		};
		69175A9F2DB1F0D60087C8E5 /* TabBar */ = {
			isa = PBXGroup;
			children = (
				69175AA02DB1F1400087C8E5 /* Presenter.TabBar.Screen.swift */,
			);
			path = TabBar;
			sourceTree = "<group>";
		};
		69175AA22DB1F4560087C8E5 /* Tools */ = {
			isa = PBXGroup;
			children = (
				69175AA32DB1F4700087C8E5 /* Preview.extension.swift */,
			);
			path = Tools;
			sourceTree = "<group>";
		};
		69175AA52DB1F4CE0087C8E5 /* Show */ = {
			isa = PBXGroup;
			children = (
				69175AA72DB1F4EA0087C8E5 /* Screens */,
				69175A9F2DB1F0D60087C8E5 /* TabBar */,
			);
			path = Show;
			sourceTree = "<group>";
		};
		69175AA72DB1F4EA0087C8E5 /* Screens */ = {
			isa = PBXGroup;
			children = (
				695E27932DB2FDA70082DFDA /* ShowDetail */,
				695E27852DB2B3290082DFDA /* Favorites */,
				69175AAC2DB205290087C8E5 /* ListShows */,
			);
			path = Screens;
			sourceTree = "<group>";
		};
		69175AAC2DB205290087C8E5 /* ListShows */ = {
			isa = PBXGroup;
			children = (
				695E278A2DB2E69B0082DFDA /* Components */,
				69175AA82DB1F52B0087C8E5 /* Presenter.Show.Screens.ListShows.Screen.swift */,
				69175AAA2DB1F5480087C8E5 /* Presenter.Show.Screens.ListShows.ViewModel.swift */,
				69175AAD2DB205490087C8E5 /* Presenter.Show.Screens.ListShows.DI.swift */,
			);
			path = ListShows;
			sourceTree = "<group>";
		};
		69175AAF2DB20F8D0087C8E5 /* Mock */ = {
			isa = PBXGroup;
			children = (
				69175AB02DB20FB20087C8E5 /* DataSource.DispatcherMock.swift */,
				69175AB22DB2100E0087C8E5 /* shows_page_1.json */,
				695E279E2DB304570082DFDA /* episodes.json */,
				695E27A02DB305C90082DFDA /* cast.json */,
			);
			path = Mock;
			sourceTree = "<group>";
		};
		695E27842DB2B08B0082DFDA /* Favorite */ = {
			isa = PBXGroup;
			children = (
				695E27822DB2B0840082DFDA /* Domain.Favorites.Model.Favorite.swift */,
			);
			path = Favorite;
			sourceTree = "<group>";
		};
		695E27852DB2B3290082DFDA /* Favorites */ = {
			isa = PBXGroup;
			children = (
				695E27862DB2B3450082DFDA /* Presenter.Show.Screen.Favorites.ViewModel.swift */,
				695E27882DB2D5520082DFDA /* Presenter.Show.Screen.Favorites.Screen.swift */,
			);
			path = Favorites;
			sourceTree = "<group>";
		};
		695E278A2DB2E69B0082DFDA /* Components */ = {
			isa = PBXGroup;
			children = (
				695E278B2DB2E7280082DFDA /* Presenter.Show.Screens.ListShows.Components.ImageShow.swift */,
				695E27912DB2ED450082DFDA /* Presenter.Show.Screens.ListShows.Components.Genres.swift */,
				695E278D2DB2EC740082DFDA /* Presenter.Show.Screens.ListShows.Components.ShowDetails.swift */,
				695E278F2DB2EC9F0082DFDA /* Presenter.Show.Screens.ListShows.Components.FavoriteAndRating.swift */,
			);
			path = Components;
			sourceTree = "<group>";
		};
		695E27932DB2FDA70082DFDA /* ShowDetail */ = {
			isa = PBXGroup;
			children = (
				695E27942DB2FE050082DFDA /* Presenter.Show.Screens.ShowDetail.Screen.swift */,
				695E27962DB301230082DFDA /* Presenter.Show.Screens.ShowDetail.ViewModel.swift */,
				695E27982DB302980082DFDA /* Presenter.Show.Screens.ShowDetail.DI.swift */,
			);
			path = ShowDetail;
			sourceTree = "<group>";
		};
/* End PBXGroup section */

/* Begin PBXNativeTarget section */
		69175A472DB191AD0087C8E5 /* TVMazeLucasHubert */ = {
			isa = PBXNativeTarget;
			buildConfigurationList = 69175A6E2DB191AF0087C8E5 /* Build configuration list for PBXNativeTarget "TVMazeLucasHubert" */;
			buildPhases = (
				69175A442DB191AD0087C8E5 /* Sources */,
				69175A452DB191AD0087C8E5 /* Frameworks */,
				69175A462DB191AD0087C8E5 /* Resources */,
			);
			buildRules = (
			);
			dependencies = (
			);
			name = TVMazeLucasHubert;
			productName = TVMazeLucasHubert;
			productReference = 69175A482DB191AD0087C8E5 /* TVMazeLucasHubert.app */;
			productType = "com.apple.product-type.application";
		};
		69175A592DB191AF0087C8E5 /* TVMazeLucasHubertTests */ = {
			isa = PBXNativeTarget;
			buildConfigurationList = 69175A712DB191AF0087C8E5 /* Build configuration list for PBXNativeTarget "TVMazeLucasHubertTests" */;
			buildPhases = (
				69175A562DB191AF0087C8E5 /* Sources */,
				69175A572DB191AF0087C8E5 /* Frameworks */,
				69175A582DB191AF0087C8E5 /* Resources */,
			);
			buildRules = (
			);
			dependencies = (
				69175A5C2DB191AF0087C8E5 /* PBXTargetDependency */,
			);
			name = TVMazeLucasHubertTests;
			productName = TVMazeLucasHubertTests;
			productReference = 69175A5A2DB191AF0087C8E5 /* TVMazeLucasHubertTests.xctest */;
			productType = "com.apple.product-type.bundle.unit-test";
		};
		69175A632DB191AF0087C8E5 /* TVMazeLucasHubertUITests */ = {
			isa = PBXNativeTarget;
			buildConfigurationList = 69175A742DB191AF0087C8E5 /* Build configuration list for PBXNativeTarget "TVMazeLucasHubertUITests" */;
			buildPhases = (
				69175A602DB191AF0087C8E5 /* Sources */,
				69175A612DB191AF0087C8E5 /* Frameworks */,
				69175A622DB191AF0087C8E5 /* Resources */,
			);
			buildRules = (
			);
			dependencies = (
				69175A662DB191AF0087C8E5 /* PBXTargetDependency */,
			);
			name = TVMazeLucasHubertUITests;
			productName = TVMazeLucasHubertUITests;
			productReference = 69175A642DB191AF0087C8E5 /* TVMazeLucasHubertUITests.xctest */;
			productType = "com.apple.product-type.bundle.ui-testing";
		};
/* End PBXNativeTarget section */

/* Begin PBXProject section */
		69175A402DB191AD0087C8E5 /* Project object */ = {
			isa = PBXProject;
			attributes = {
				BuildIndependentTargetsInParallel = 1;
				LastSwiftUpdateCheck = 1520;
				LastUpgradeCheck = 1520;
				TargetAttributes = {
					69175A472DB191AD0087C8E5 = {
						CreatedOnToolsVersion = 15.2;
					};
					69175A592DB191AF0087C8E5 = {
						CreatedOnToolsVersion = 15.2;
						TestTargetID = 69175A472DB191AD0087C8E5;
					};
					69175A632DB191AF0087C8E5 = {
						CreatedOnToolsVersion = 15.2;
						TestTargetID = 69175A472DB191AD0087C8E5;
					};
				};
			};
			buildConfigurationList = 69175A432DB191AD0087C8E5 /* Build configuration list for PBXProject "TVMazeLucasHubert" */;
			compatibilityVersion = "Xcode 14.0";
			developmentRegion = en;
			hasScannedForEncodings = 0;
			knownRegions = (
				en,
				Base,
			);
			mainGroup = 69175A3F2DB191AD0087C8E5;
			productRefGroup = 69175A492DB191AD0087C8E5 /* Products */;
			projectDirPath = "";
			projectRoot = "";
			targets = (
				69175A472DB191AD0087C8E5 /* TVMazeLucasHubert */,
				69175A592DB191AF0087C8E5 /* TVMazeLucasHubertTests */,
				69175A632DB191AF0087C8E5 /* TVMazeLucasHubertUITests */,
			);
		};
/* End PBXProject section */

/* Begin PBXResourcesBuildPhase section */
		69175A462DB191AD0087C8E5 /* Resources */ = {
			isa = PBXResourcesBuildPhase;
			buildActionMask = 2147483647;
			files = (
				69175A552DB191AF0087C8E5 /* Preview Assets.xcassets in Resources */,
				69175AB32DB2100E0087C8E5 /* shows_page_1.json in Resources */,
				695E279F2DB304570082DFDA /* episodes.json in Resources */,
				69175A522DB191AF0087C8E5 /* Assets.xcassets in Resources */,
				695E27A12DB305C90082DFDA /* cast.json in Resources */,
				69175A912DB1A2080087C8E5 /* Debug.xcconfig in Resources */,
			);
			runOnlyForDeploymentPostprocessing = 0;
		};
		69175A582DB191AF0087C8E5 /* Resources */ = {
			isa = PBXResourcesBuildPhase;
			buildActionMask = 2147483647;
			files = (
			);
			runOnlyForDeploymentPostprocessing = 0;
		};
		69175A622DB191AF0087C8E5 /* Resources */ = {
			isa = PBXResourcesBuildPhase;
			buildActionMask = 2147483647;
			files = (
			);
			runOnlyForDeploymentPostprocessing = 0;
		};
/* End PBXResourcesBuildPhase section */

/* Begin PBXSourcesBuildPhase section */
		69175A442DB191AD0087C8E5 /* Sources */ = {
			isa = PBXSourcesBuildPhase;
			buildActionMask = 2147483647;
			files = (
				695E27A32DB305EC0082DFDA /* Domain.Show.Model.Cast.swift in Sources */,
				69175A8C2DB1A0B50087C8E5 /* DataSource.Protocol.APIRouter.swift in Sources */,
				69175AA42DB1F4700087C8E5 /* Preview.extension.swift in Sources */,
				69175A812DB19F390087C8E5 /* DataSource.swift in Sources */,
				695E27892DB2D5520082DFDA /* Presenter.Show.Screen.Favorites.Screen.swift in Sources */,
				69175A832DB19F800087C8E5 /* DataSource.Show.APIRouter.swift in Sources */,
				69175A962DB1EF260087C8E5 /* Domain.Show.UseCase.GetShows.swift in Sources */,
				695E27972DB301230082DFDA /* Presenter.Show.Screens.ShowDetail.ViewModel.swift in Sources */,
				69175AAE2DB205490087C8E5 /* Presenter.Show.Screens.ListShows.DI.swift in Sources */,
				695E279B2DB302E60082DFDA /* Domain.Show.UseCase.GetEpisodes.swift in Sources */,
				695E27A52DB312EF0082DFDA /* Domain.Show.UseCase.GetCast.swift in Sources */,
				695E27922DB2ED450082DFDA /* Presenter.Show.Screens.ListShows.Components.Genres.swift in Sources */,
				695E278E2DB2EC740082DFDA /* Presenter.Show.Screens.ListShows.Components.ShowDetails.swift in Sources */,
				69175A7D2DB19D950087C8E5 /* Domain.Show.Model.Show.swift in Sources */,
				69175A882DB19FB60087C8E5 /* Domain.Show.Protocol.Repository.swift in Sources */,
				69175A7F2DB19DA40087C8E5 /* Domain.swift in Sources */,
				695E279D2DB303220082DFDA /* Domain.Show.Model.Episode.swift in Sources */,
				69175A4E2DB191AD0087C8E5 /* ContentView.swift in Sources */,
				695E27992DB302980082DFDA /* Presenter.Show.Screens.ShowDetail.DI.swift in Sources */,
				69175AA12DB1F1400087C8E5 /* Presenter.TabBar.Screen.swift in Sources */,
				69175AAB2DB1F5480087C8E5 /* Presenter.Show.Screens.ListShows.ViewModel.swift in Sources */,
				695E278C2DB2E7280082DFDA /* Presenter.Show.Screens.ListShows.Components.ImageShow.swift in Sources */,
				69175A502DB191AD0087C8E5 /* Item.swift in Sources */,
				695E27872DB2B3450082DFDA /* Presenter.Show.Screen.Favorites.ViewModel.swift in Sources */,
				69175A9C2DB1F0880087C8E5 /* Presenter.swift in Sources */,
				69175A8E2DB1A1070087C8E5 /* DataSource.Dispatcher.swift in Sources */,
				69175AB12DB20FB20087C8E5 /* DataSource.DispatcherMock.swift in Sources */,
				69175AA92DB1F52B0087C8E5 /* Presenter.Show.Screens.ListShows.Screen.swift in Sources */,
				695E27952DB2FE050082DFDA /* Presenter.Show.Screens.ShowDetail.Screen.swift in Sources */,
				695E27902DB2EC9F0082DFDA /* Presenter.Show.Screens.ListShows.Components.FavoriteAndRating.swift in Sources */,
				69175A932DB1A2AC0087C8E5 /* DataSource.Environment.swift in Sources */,
				695E27832DB2B0840082DFDA /* Domain.Favorites.Model.Favorite.swift in Sources */,
				69175A9A2DB1EF4E0087C8E5 /* Domain.Show.UseCase.GetShowByName.swift in Sources */,
				69175A862DB19F9E0087C8E5 /* DataSource.Show.Repository.swift in Sources */,
				69175A4C2DB191AD0087C8E5 /* TVMazeLucasHubertApp.swift in Sources */,
			);
			runOnlyForDeploymentPostprocessing = 0;
		};
		69175A562DB191AF0087C8E5 /* Sources */ = {
			isa = PBXSourcesBuildPhase;
			buildActionMask = 2147483647;
			files = (
				69175A5F2DB191AF0087C8E5 /* TVMazeLucasHubertTests.swift in Sources */,
			);
			runOnlyForDeploymentPostprocessing = 0;
		};
		69175A602DB191AF0087C8E5 /* Sources */ = {
			isa = PBXSourcesBuildPhase;
			buildActionMask = 2147483647;
			files = (
				69175A6B2DB191AF0087C8E5 /* TVMazeLucasHubertUITestsLaunchTests.swift in Sources */,
				69175A692DB191AF0087C8E5 /* TVMazeLucasHubertUITests.swift in Sources */,
			);
			runOnlyForDeploymentPostprocessing = 0;
		};
/* End PBXSourcesBuildPhase section */

/* Begin PBXTargetDependency section */
		69175A5C2DB191AF0087C8E5 /* PBXTargetDependency */ = {
			isa = PBXTargetDependency;
			target = 69175A472DB191AD0087C8E5 /* TVMazeLucasHubert */;
			targetProxy = 69175A5B2DB191AF0087C8E5 /* PBXContainerItemProxy */;
		};
		69175A662DB191AF0087C8E5 /* PBXTargetDependency */ = {
			isa = PBXTargetDependency;
			target = 69175A472DB191AD0087C8E5 /* TVMazeLucasHubert */;
			targetProxy = 69175A652DB191AF0087C8E5 /* PBXContainerItemProxy */;
		};
/* End PBXTargetDependency section */

/* Begin XCBuildConfiguration section */
		69175A6C2DB191AF0087C8E5 /* Debug */ = {
			isa = XCBuildConfiguration;
			baseConfigurationReference = 69175A902DB1A2080087C8E5 /* Debug.xcconfig */;
			buildSettings = {
				ALWAYS_SEARCH_USER_PATHS = NO;
				ASSETCATALOG_COMPILER_GENERATE_SWIFT_ASSET_SYMBOL_EXTENSIONS = YES;
				CLANG_ANALYZER_NONNULL = YES;
				CLANG_ANALYZER_NUMBER_OBJECT_CONVERSION = YES_AGGRESSIVE;
				CLANG_CXX_LANGUAGE_STANDARD = "gnu++20";
				CLANG_ENABLE_MODULES = YES;
				CLANG_ENABLE_OBJC_ARC = YES;
				CLANG_ENABLE_OBJC_WEAK = YES;
				CLANG_WARN_BLOCK_CAPTURE_AUTORELEASING = YES;
				CLANG_WARN_BOOL_CONVERSION = YES;
				CLANG_WARN_COMMA = YES;
				CLANG_WARN_CONSTANT_CONVERSION = YES;
				CLANG_WARN_DEPRECATED_OBJC_IMPLEMENTATIONS = YES;
				CLANG_WARN_DIRECT_OBJC_ISA_USAGE = YES_ERROR;
				CLANG_WARN_DOCUMENTATION_COMMENTS = YES;
				CLANG_WARN_EMPTY_BODY = YES;
				CLANG_WARN_ENUM_CONVERSION = YES;
				CLANG_WARN_INFINITE_RECURSION = YES;
				CLANG_WARN_INT_CONVERSION = YES;
				CLANG_WARN_NON_LITERAL_NULL_CONVERSION = YES;
				CLANG_WARN_OBJC_IMPLICIT_RETAIN_SELF = YES;
				CLANG_WARN_OBJC_LITERAL_CONVERSION = YES;
				CLANG_WARN_OBJC_ROOT_CLASS = YES_ERROR;
				CLANG_WARN_QUOTED_INCLUDE_IN_FRAMEWORK_HEADER = YES;
				CLANG_WARN_RANGE_LOOP_ANALYSIS = YES;
				CLANG_WARN_STRICT_PROTOTYPES = YES;
				CLANG_WARN_SUSPICIOUS_MOVE = YES;
				CLANG_WARN_UNGUARDED_AVAILABILITY = YES_AGGRESSIVE;
				CLANG_WARN_UNREACHABLE_CODE = YES;
				CLANG_WARN__DUPLICATE_METHOD_MATCH = YES;
				COPY_PHASE_STRIP = NO;
				DEBUG_INFORMATION_FORMAT = dwarf;
				ENABLE_STRICT_OBJC_MSGSEND = YES;
				ENABLE_TESTABILITY = YES;
				ENABLE_USER_SCRIPT_SANDBOXING = YES;
				GCC_C_LANGUAGE_STANDARD = gnu17;
				GCC_DYNAMIC_NO_PIC = NO;
				GCC_NO_COMMON_BLOCKS = YES;
				GCC_OPTIMIZATION_LEVEL = 0;
				GCC_PREPROCESSOR_DEFINITIONS = (
					"DEBUG=1",
					"$(inherited)",
				);
				GCC_WARN_64_TO_32_BIT_CONVERSION = YES;
				GCC_WARN_ABOUT_RETURN_TYPE = YES_ERROR;
				GCC_WARN_UNDECLARED_SELECTOR = YES;
				GCC_WARN_UNINITIALIZED_AUTOS = YES_AGGRESSIVE;
				GCC_WARN_UNUSED_FUNCTION = YES;
				GCC_WARN_UNUSED_VARIABLE = YES;
				IPHONEOS_DEPLOYMENT_TARGET = 17.2;
				LOCALIZATION_PREFERS_STRING_CATALOGS = YES;
				MTL_ENABLE_DEBUG_INFO = INCLUDE_SOURCE;
				MTL_FAST_MATH = YES;
				ONLY_ACTIVE_ARCH = YES;
				SDKROOT = iphoneos;
				SWIFT_ACTIVE_COMPILATION_CONDITIONS = "DEBUG $(inherited)";
				SWIFT_OPTIMIZATION_LEVEL = "-Onone";
			};
			name = Debug;
		};
		69175A6D2DB191AF0087C8E5 /* Release */ = {
			isa = XCBuildConfiguration;
			buildSettings = {
				ALWAYS_SEARCH_USER_PATHS = NO;
				ASSETCATALOG_COMPILER_GENERATE_SWIFT_ASSET_SYMBOL_EXTENSIONS = YES;
				CLANG_ANALYZER_NONNULL = YES;
				CLANG_ANALYZER_NUMBER_OBJECT_CONVERSION = YES_AGGRESSIVE;
				CLANG_CXX_LANGUAGE_STANDARD = "gnu++20";
				CLANG_ENABLE_MODULES = YES;
				CLANG_ENABLE_OBJC_ARC = YES;
				CLANG_ENABLE_OBJC_WEAK = YES;
				CLANG_WARN_BLOCK_CAPTURE_AUTORELEASING = YES;
				CLANG_WARN_BOOL_CONVERSION = YES;
				CLANG_WARN_COMMA = YES;
				CLANG_WARN_CONSTANT_CONVERSION = YES;
				CLANG_WARN_DEPRECATED_OBJC_IMPLEMENTATIONS = YES;
				CLANG_WARN_DIRECT_OBJC_ISA_USAGE = YES_ERROR;
				CLANG_WARN_DOCUMENTATION_COMMENTS = YES;
				CLANG_WARN_EMPTY_BODY = YES;
				CLANG_WARN_ENUM_CONVERSION = YES;
				CLANG_WARN_INFINITE_RECURSION = YES;
				CLANG_WARN_INT_CONVERSION = YES;
				CLANG_WARN_NON_LITERAL_NULL_CONVERSION = YES;
				CLANG_WARN_OBJC_IMPLICIT_RETAIN_SELF = YES;
				CLANG_WARN_OBJC_LITERAL_CONVERSION = YES;
				CLANG_WARN_OBJC_ROOT_CLASS = YES_ERROR;
				CLANG_WARN_QUOTED_INCLUDE_IN_FRAMEWORK_HEADER = YES;
				CLANG_WARN_RANGE_LOOP_ANALYSIS = YES;
				CLANG_WARN_STRICT_PROTOTYPES = YES;
				CLANG_WARN_SUSPICIOUS_MOVE = YES;
				CLANG_WARN_UNGUARDED_AVAILABILITY = YES_AGGRESSIVE;
				CLANG_WARN_UNREACHABLE_CODE = YES;
				CLANG_WARN__DUPLICATE_METHOD_MATCH = YES;
				COPY_PHASE_STRIP = NO;
				DEBUG_INFORMATION_FORMAT = "dwarf-with-dsym";
				ENABLE_NS_ASSERTIONS = NO;
				ENABLE_STRICT_OBJC_MSGSEND = YES;
				ENABLE_USER_SCRIPT_SANDBOXING = YES;
				GCC_C_LANGUAGE_STANDARD = gnu17;
				GCC_NO_COMMON_BLOCKS = YES;
				GCC_WARN_64_TO_32_BIT_CONVERSION = YES;
				GCC_WARN_ABOUT_RETURN_TYPE = YES_ERROR;
				GCC_WARN_UNDECLARED_SELECTOR = YES;
				GCC_WARN_UNINITIALIZED_AUTOS = YES_AGGRESSIVE;
				GCC_WARN_UNUSED_FUNCTION = YES;
				GCC_WARN_UNUSED_VARIABLE = YES;
				IPHONEOS_DEPLOYMENT_TARGET = 17.2;
				LOCALIZATION_PREFERS_STRING_CATALOGS = YES;
				MTL_ENABLE_DEBUG_INFO = NO;
				MTL_FAST_MATH = YES;
				SDKROOT = iphoneos;
				SWIFT_COMPILATION_MODE = wholemodule;
				VALIDATE_PRODUCT = YES;
			};
			name = Release;
		};
		69175A6F2DB191AF0087C8E5 /* Debug */ = {
			isa = XCBuildConfiguration;
			baseConfigurationReference = 69175A902DB1A2080087C8E5 /* Debug.xcconfig */;
			buildSettings = {
				ASSETCATALOG_COMPILER_APPICON_NAME = AppIcon;
				ASSETCATALOG_COMPILER_GLOBAL_ACCENT_COLOR_NAME = AccentColor;
				CODE_SIGN_STYLE = Automatic;
				CURRENT_PROJECT_VERSION = 1;
				DEVELOPMENT_ASSET_PATHS = "\"TVMazeLucasHubert/Preview Content\"";
				DEVELOPMENT_TEAM = 76WUJ9PUX7;
				ENABLE_PREVIEWS = YES;
				GENERATE_INFOPLIST_FILE = YES;
				INFOPLIST_FILE = TVMazeLucasHubert/Info.plist;
				INFOPLIST_KEY_UIApplicationSceneManifest_Generation = YES;
				INFOPLIST_KEY_UIApplicationSupportsIndirectInputEvents = YES;
				INFOPLIST_KEY_UILaunchScreen_Generation = YES;
				INFOPLIST_KEY_UISupportedInterfaceOrientations_iPad = "UIInterfaceOrientationPortrait UIInterfaceOrientationPortraitUpsideDown UIInterfaceOrientationLandscapeLeft UIInterfaceOrientationLandscapeRight";
				INFOPLIST_KEY_UISupportedInterfaceOrientations_iPhone = "UIInterfaceOrientationPortrait UIInterfaceOrientationLandscapeLeft UIInterfaceOrientationLandscapeRight";
				LD_RUNPATH_SEARCH_PATHS = (
					"$(inherited)",
					"@executable_path/Frameworks",
				);
				MARKETING_VERSION = 1.0;
				PRODUCT_BUNDLE_IDENTIFIER = com.lucashubert.TVMazeLucasHubert;
				PRODUCT_NAME = "$(TARGET_NAME)";
				SWIFT_EMIT_LOC_STRINGS = YES;
				SWIFT_VERSION = 5.0;
				TARGETED_DEVICE_FAMILY = "1,2";
			};
			name = Debug;
		};
		69175A702DB191AF0087C8E5 /* Release */ = {
			isa = XCBuildConfiguration;
			buildSettings = {
				ASSETCATALOG_COMPILER_APPICON_NAME = AppIcon;
				ASSETCATALOG_COMPILER_GLOBAL_ACCENT_COLOR_NAME = AccentColor;
				CODE_SIGN_STYLE = Automatic;
				CURRENT_PROJECT_VERSION = 1;
				DEVELOPMENT_ASSET_PATHS = "\"TVMazeLucasHubert/Preview Content\"";
				DEVELOPMENT_TEAM = 76WUJ9PUX7;
				ENABLE_PREVIEWS = YES;
				GENERATE_INFOPLIST_FILE = YES;
				INFOPLIST_FILE = TVMazeLucasHubert/Info.plist;
				INFOPLIST_KEY_UIApplicationSceneManifest_Generation = YES;
				INFOPLIST_KEY_UIApplicationSupportsIndirectInputEvents = YES;
				INFOPLIST_KEY_UILaunchScreen_Generation = YES;
				INFOPLIST_KEY_UISupportedInterfaceOrientations_iPad = "UIInterfaceOrientationPortrait UIInterfaceOrientationPortraitUpsideDown UIInterfaceOrientationLandscapeLeft UIInterfaceOrientationLandscapeRight";
				INFOPLIST_KEY_UISupportedInterfaceOrientations_iPhone = "UIInterfaceOrientationPortrait UIInterfaceOrientationLandscapeLeft UIInterfaceOrientationLandscapeRight";
				LD_RUNPATH_SEARCH_PATHS = (
					"$(inherited)",
					"@executable_path/Frameworks",
				);
				MARKETING_VERSION = 1.0;
				PRODUCT_BUNDLE_IDENTIFIER = com.lucashubert.TVMazeLucasHubert;
				PRODUCT_NAME = "$(TARGET_NAME)";
				SWIFT_EMIT_LOC_STRINGS = YES;
				SWIFT_VERSION = 5.0;
				TARGETED_DEVICE_FAMILY = "1,2";
			};
			name = Release;
		};
		69175A722DB191AF0087C8E5 /* Debug */ = {
			isa = XCBuildConfiguration;
			baseConfigurationReference = 69175A902DB1A2080087C8E5 /* Debug.xcconfig */;
			buildSettings = {
				ALWAYS_EMBED_SWIFT_STANDARD_LIBRARIES = YES;
				BUNDLE_LOADER = "$(TEST_HOST)";
				CODE_SIGN_STYLE = Automatic;
				CURRENT_PROJECT_VERSION = 1;
				DEVELOPMENT_TEAM = 76WUJ9PUX7;
				GENERATE_INFOPLIST_FILE = YES;
				IPHONEOS_DEPLOYMENT_TARGET = 17.2;
				MARKETING_VERSION = 1.0;
				PRODUCT_BUNDLE_IDENTIFIER = com.lucashubert.TVMazeLucasHubertTests;
				PRODUCT_NAME = "$(TARGET_NAME)";
				SWIFT_EMIT_LOC_STRINGS = NO;
				SWIFT_VERSION = 5.0;
				TARGETED_DEVICE_FAMILY = "1,2";
				TEST_HOST = "$(BUILT_PRODUCTS_DIR)/TVMazeLucasHubert.app/$(BUNDLE_EXECUTABLE_FOLDER_PATH)/TVMazeLucasHubert";
			};
			name = Debug;
		};
		69175A732DB191AF0087C8E5 /* Release */ = {
			isa = XCBuildConfiguration;
			buildSettings = {
				ALWAYS_EMBED_SWIFT_STANDARD_LIBRARIES = YES;
				BUNDLE_LOADER = "$(TEST_HOST)";
				CODE_SIGN_STYLE = Automatic;
				CURRENT_PROJECT_VERSION = 1;
				DEVELOPMENT_TEAM = 76WUJ9PUX7;
				GENERATE_INFOPLIST_FILE = YES;
				IPHONEOS_DEPLOYMENT_TARGET = 17.2;
				MARKETING_VERSION = 1.0;
				PRODUCT_BUNDLE_IDENTIFIER = com.lucashubert.TVMazeLucasHubertTests;
				PRODUCT_NAME = "$(TARGET_NAME)";
				SWIFT_EMIT_LOC_STRINGS = NO;
				SWIFT_VERSION = 5.0;
				TARGETED_DEVICE_FAMILY = "1,2";
				TEST_HOST = "$(BUILT_PRODUCTS_DIR)/TVMazeLucasHubert.app/$(BUNDLE_EXECUTABLE_FOLDER_PATH)/TVMazeLucasHubert";
			};
			name = Release;
		};
		69175A752DB191AF0087C8E5 /* Debug */ = {
			isa = XCBuildConfiguration;
			baseConfigurationReference = 69175A902DB1A2080087C8E5 /* Debug.xcconfig */;
			buildSettings = {
				ALWAYS_EMBED_SWIFT_STANDARD_LIBRARIES = YES;
				CODE_SIGN_STYLE = Automatic;
				CURRENT_PROJECT_VERSION = 1;
				DEVELOPMENT_TEAM = 76WUJ9PUX7;
				GENERATE_INFOPLIST_FILE = YES;
				MARKETING_VERSION = 1.0;
				PRODUCT_BUNDLE_IDENTIFIER = com.lucashubert.TVMazeLucasHubertUITests;
				PRODUCT_NAME = "$(TARGET_NAME)";
				SWIFT_EMIT_LOC_STRINGS = NO;
				SWIFT_VERSION = 5.0;
				TARGETED_DEVICE_FAMILY = "1,2";
				TEST_TARGET_NAME = TVMazeLucasHubert;
			};
			name = Debug;
		};
		69175A762DB191AF0087C8E5 /* Release */ = {
			isa = XCBuildConfiguration;
			buildSettings = {
				ALWAYS_EMBED_SWIFT_STANDARD_LIBRARIES = YES;
				CODE_SIGN_STYLE = Automatic;
				CURRENT_PROJECT_VERSION = 1;
				DEVELOPMENT_TEAM = 76WUJ9PUX7;
				GENERATE_INFOPLIST_FILE = YES;
				MARKETING_VERSION = 1.0;
				PRODUCT_BUNDLE_IDENTIFIER = com.lucashubert.TVMazeLucasHubertUITests;
				PRODUCT_NAME = "$(TARGET_NAME)";
				SWIFT_EMIT_LOC_STRINGS = NO;
				SWIFT_VERSION = 5.0;
				TARGETED_DEVICE_FAMILY = "1,2";
				TEST_TARGET_NAME = TVMazeLucasHubert;
			};
			name = Release;
		};
/* End XCBuildConfiguration section */

/* Begin XCConfigurationList section */
		69175A432DB191AD0087C8E5 /* Build configuration list for PBXProject "TVMazeLucasHubert" */ = {
			isa = XCConfigurationList;
			buildConfigurations = (
				69175A6C2DB191AF0087C8E5 /* Debug */,
				69175A6D2DB191AF0087C8E5 /* Release */,
			);
			defaultConfigurationIsVisible = 0;
			defaultConfigurationName = Release;
		};
		69175A6E2DB191AF0087C8E5 /* Build configuration list for PBXNativeTarget "TVMazeLucasHubert" */ = {
			isa = XCConfigurationList;
			buildConfigurations = (
				69175A6F2DB191AF0087C8E5 /* Debug */,
				69175A702DB191AF0087C8E5 /* Release */,
			);
			defaultConfigurationIsVisible = 0;
			defaultConfigurationName = Release;
		};
		69175A712DB191AF0087C8E5 /* Build configuration list for PBXNativeTarget "TVMazeLucasHubertTests" */ = {
			isa = XCConfigurationList;
			buildConfigurations = (
				69175A722DB191AF0087C8E5 /* Debug */,
				69175A732DB191AF0087C8E5 /* Release */,
			);
			defaultConfigurationIsVisible = 0;
			defaultConfigurationName = Release;
		};
		69175A742DB191AF0087C8E5 /* Build configuration list for PBXNativeTarget "TVMazeLucasHubertUITests" */ = {
			isa = XCConfigurationList;
			buildConfigurations = (
				69175A752DB191AF0087C8E5 /* Debug */,
				69175A762DB191AF0087C8E5 /* Release */,
			);
			defaultConfigurationIsVisible = 0;
			defaultConfigurationName = Release;
		};
/* End XCConfigurationList section */
	};
	rootObject = 69175A402DB191AD0087C8E5 /* Project object */;
}
